/proj/ideel/meshnick/users/NickB/Projects/Sepi_Res_CaseStudy/CGEtools_noplasmidfinder/Sepi05b_5_22_2018
/proj/ideel/meshnick/users/NickB/Projects/Sepi_Res_CaseStudy/CGEtools_noplasmidfinder/Sepi05b_5_22_2018.txt
/proj/ideel/meshnick/users/NickB/Projects/Sepi_Res_CaseStudy/CGEtools_noplasmidfinder/Sepi07_5_22_2018
/proj/ideel/meshnick/users/NickB/Projects/Sepi_Res_CaseStudy/CGEtools_noplasmidfinder/Sepi07_5_22_2018.txt
/proj/ideel/meshnick/users/NickB/Projects/Sepi_Res_CaseStudy/CGEtools_noplasmidfinder/Sepi02_5_22_2018
/proj/ideel/meshnick/users/NickB/Projects/Sepi_Res_CaseStudy/CGEtools_noplasmidfinder/Sepi02_5_22_2018.txt
/proj/ideel/meshnick/users/NickB/Projects/Sepi_Res_CaseStudy/CGEtools_noplasmidfinder/Sepi06_5_22_2018
/proj/ideel/meshnick/users/NickB/Projects/Sepi_Res_CaseStudy/CGEtools_noplasmidfinder/Sepi06_5_22_2018.txt
/proj/ideel/meshnick/users/NickB/Projects/Sepi_Res_CaseStudy/CGEtools_noplasmidfinder/Sepi04_5_22_2018
/proj/ideel/meshnick/users/NickB/Projects/Sepi_Res_CaseStudy/CGEtools_noplasmidfinder/Sepi04_5_22_2018.txt
/proj/ideel/meshnick/users/NickB/Projects/Sepi_Res_CaseStudy/CGEtools_noplasmidfinder/Sepi05a_5_22_2018
/proj/ideel/meshnick/users/NickB/Projects/Sepi_Res_CaseStudy/CGEtools_noplasmidfinder/Sepi05a_5_22_2018.txt
/proj/ideel/meshnick/users/NickB/Projects/Sepi_Res_CaseStudy/CGEtools_noplasmidfinder/Sepi01_5_22_2018
/proj/ideel/meshnick/users/NickB/Projects/Sepi_Res_CaseStudy/CGEtools_noplasmidfinder/Sepi01_5_22_2018.txt
/proj/ideel/meshnick/users/NickB/Projects/Sepi_Res_CaseStudy/CGEtools_noplasmidfinder/Sepi03_5_22_2018
/proj/ideel/meshnick/users/NickB/Projects/Sepi_Res_CaseStudy/CGEtools_noplasmidfinder/Sepi03_5_22_2018.txt
